lockfileVersion: '6.0'

dependencies:
  '@faker-js/faker':
    specifier: ^8.0.1
    version: 8.0.1
  lodash:
    specifier: ^4.17.21
    version: 4.17.21

packages:

  /@faker-js/faker@8.0.1:
    resolution: {integrity: sha512-kbh5MenpTN9U0B4QcOI1NoTPlZHniSYQ3BHbhAnPjJGAmmFqxoxTE4sGdpy7ZOO9038DPGCuhXyMkjOr05uVwA==}
    engines: {node: ^14.17.0 || ^16.13.0 || >=18.0.0, npm: '>=6.14.13'}
    dev: false

  /lodash@4.17.21:
    resolution: {integrity: sha512-v2kDEe57lecTulaDIuNTPy3Ry4gLGJ6Z1O3vE1krgXZNrsQ+LFTGHVxVjcXPs17LhbZVGedAJv8XZ1tvj5FvSg==}
    dev: false
